
Microsoft Visual Studio Solution File, Format Version 12.00
# Visual Studio 15
VisualStudioVersion = 15.0.26730.8
MinimumVisualStudioVersion = 10.0.40219.1
Project("{FAE04EC0-301F-11D3-BF4B-00C04F79EFBC}") = "FoneClube.Business.Commons", "Business.Commons\FoneClube.Business.Commons.csproj", "{787B74D3-B06D-460C-B5E9-57E19E462675}"
EndProject
Project("{FAE04EC0-301F-11D3-BF4B-00C04F79EFBC}") = "FoneClube.DataAccess", "FoneClube.DataAccess\FoneClube.DataAccess.csproj", "{63545F40-CB4C-4C25-AAAE-03D1198B4C9D}"
EndProject
Project("{FAE04EC0-301F-11D3-BF4B-00C04F79EFBC}") = "FoneClube.WebAPI", "FoneClube.WebAPI\FoneClube.WebAPI.csproj", "{9DC48A2E-99CF-49D4-8A76-C7DD1D5E6A25}"
EndProject
Project("{FAE04EC0-301F-11D3-BF4B-00C04F79EFBC}") = "FoneClube.WebAPI.Tests", "FoneClube.WebAPI.Tests\FoneClube.WebAPI.Tests.csproj", "{9CFB4809-E18F-40B8-B5CE-7763C6C243E7}"
EndProject
Project("{E24C65DC-7377-472B-9ABA-BC803B73C61A}") = "Publish.Webapp", "Publish.Webapp\", "{D12B4384-B530-4B4C-8A21-08787FDCBC0B}"
	ProjectSection(WebsiteProperties) = preProject
		TargetFrameworkMoniker = ".NETFramework,Version%3Dv4.5"
		Debug.AspNetCompiler.VirtualPath = "/localhost_55108"
		Debug.AspNetCompiler.PhysicalPath = "Publish.Webapp\"
		Debug.AspNetCompiler.TargetPath = "PrecompiledWeb\localhost_55108\"
		Debug.AspNetCompiler.Updateable = "true"
		Debug.AspNetCompiler.ForceOverwrite = "true"
		Debug.AspNetCompiler.FixedNames = "false"
		Debug.AspNetCompiler.Debug = "True"
		Release.AspNetCompiler.VirtualPath = "/localhost_55108"
		Release.AspNetCompiler.PhysicalPath = "Publish.Webapp\"
		Release.AspNetCompiler.TargetPath = "PrecompiledWeb\localhost_55108\"
		Release.AspNetCompiler.Updateable = "true"
		Release.AspNetCompiler.ForceOverwrite = "true"
		Release.AspNetCompiler.FixedNames = "false"
		Release.AspNetCompiler.Debug = "False"
		VWDPort = "55108"
		SlnRelativePath = "Publish.Webapp\"
		DefaultWebSiteLanguage = "Visual C#"
	EndProjectSection
EndProject
Project("{FAE04EC0-301F-11D3-BF4B-00C04F79EFBC}") = "CieloLib", "CieloLib\CieloLib.csproj", "{D95E3E6C-D27A-42F3-AE76-E775CF1B7F77}"
EndProject
Project("{FAE04EC0-301F-11D3-BF4B-00C04F79EFBC}") = "CieloUnitTest", "CieloUnitTest\CieloUnitTest.csproj", "{BFE6973A-5B85-4C28-AC0D-5129BD3AA23B}"
EndProject
Global
	GlobalSection(SolutionConfigurationPlatforms) = preSolution
		Debug|Any CPU = Debug|Any CPU
		Release|Any CPU = Release|Any CPU
	EndGlobalSection
	GlobalSection(ProjectConfigurationPlatforms) = postSolution
		{787B74D3-B06D-460C-B5E9-57E19E462675}.Debug|Any CPU.ActiveCfg = Debug|Any CPU
		{787B74D3-B06D-460C-B5E9-57E19E462675}.Debug|Any CPU.Build.0 = Debug|Any CPU
		{787B74D3-B06D-460C-B5E9-57E19E462675}.Release|Any CPU.ActiveCfg = Release|Any CPU
		{787B74D3-B06D-460C-B5E9-57E19E462675}.Release|Any CPU.Build.0 = Release|Any CPU
		{63545F40-CB4C-4C25-AAAE-03D1198B4C9D}.Debug|Any CPU.ActiveCfg = Debug|Any CPU
		{63545F40-CB4C-4C25-AAAE-03D1198B4C9D}.Debug|Any CPU.Build.0 = Debug|Any CPU
		{63545F40-CB4C-4C25-AAAE-03D1198B4C9D}.Release|Any CPU.ActiveCfg = Release|Any CPU
		{63545F40-CB4C-4C25-AAAE-03D1198B4C9D}.Release|Any CPU.Build.0 = Release|Any CPU
		{9DC48A2E-99CF-49D4-8A76-C7DD1D5E6A25}.Debug|Any CPU.ActiveCfg = Debug|Any CPU
		{9DC48A2E-99CF-49D4-8A76-C7DD1D5E6A25}.Debug|Any CPU.Build.0 = Debug|Any CPU
		{9DC48A2E-99CF-49D4-8A76-C7DD1D5E6A25}.Release|Any CPU.ActiveCfg = Release|Any CPU
		{9DC48A2E-99CF-49D4-8A76-C7DD1D5E6A25}.Release|Any CPU.Build.0 = Release|Any CPU
		{9CFB4809-E18F-40B8-B5CE-7763C6C243E7}.Debug|Any CPU.ActiveCfg = Debug|Any CPU
		{9CFB4809-E18F-40B8-B5CE-7763C6C243E7}.Debug|Any CPU.Build.0 = Debug|Any CPU
		{9CFB4809-E18F-40B8-B5CE-7763C6C243E7}.Release|Any CPU.ActiveCfg = Release|Any CPU
		{9CFB4809-E18F-40B8-B5CE-7763C6C243E7}.Release|Any CPU.Build.0 = Release|Any CPU
		{D12B4384-B530-4B4C-8A21-08787FDCBC0B}.Debug|Any CPU.ActiveCfg = Debug|Any CPU
		{D12B4384-B530-4B4C-8A21-08787FDCBC0B}.Debug|Any CPU.Build.0 = Debug|Any CPU
		{D12B4384-B530-4B4C-8A21-08787FDCBC0B}.Release|Any CPU.ActiveCfg = Debug|Any CPU
		{D12B4384-B530-4B4C-8A21-08787FDCBC0B}.Release|Any CPU.Build.0 = Debug|Any CPU
		{D95E3E6C-D27A-42F3-AE76-E775CF1B7F77}.Debug|Any CPU.ActiveCfg = Debug|Any CPU
		{D95E3E6C-D27A-42F3-AE76-E775CF1B7F77}.Debug|Any CPU.Build.0 = Debug|Any CPU
		{D95E3E6C-D27A-42F3-AE76-E775CF1B7F77}.Release|Any CPU.ActiveCfg = Release|Any CPU
		{D95E3E6C-D27A-42F3-AE76-E775CF1B7F77}.Release|Any CPU.Build.0 = Release|Any CPU
		{BFE6973A-5B85-4C28-AC0D-5129BD3AA23B}.Debug|Any CPU.ActiveCfg = Debug|Any CPU
		{BFE6973A-5B85-4C28-AC0D-5129BD3AA23B}.Debug|Any CPU.Build.0 = Debug|Any CPU
		{BFE6973A-5B85-4C28-AC0D-5129BD3AA23B}.Release|Any CPU.ActiveCfg = Release|Any CPU
		{BFE6973A-5B85-4C28-AC0D-5129BD3AA23B}.Release|Any CPU.Build.0 = Release|Any CPU
	EndGlobalSection
	GlobalSection(SolutionProperties) = preSolution
		HideSolutionNode = FALSE
	EndGlobalSection
	GlobalSection(ExtensibilityGlobals) = postSolution
		SolutionGuid = {AD3680CB-B3AA-4F23-AC22-EC207AB11305}
	EndGlobalSection
EndGlobal
